
Microsoft Visual Studio Solution File, Format Version 12.00
# Visual Studio 2013
VisualStudioVersion = 12.0.21005.1
MinimumVisualStudioVersion = 10.0.40219.1
Project("{F184B08F-C81C-45F6-A57F-5ABD9991F28F}") = "DBAdapter", "DBAdapter\DBAdapter.vbproj", "{10F2C0F7-D9FF-43A4-8598-D218C195416E}"
EndProject
Project("{F184B08F-C81C-45F6-A57F-5ABD9991F28F}") = "DBManager", "DBManager\DBManager.vbproj", "{72AF3398-E8E6-422D-A6CA-205A4018DF3D}"
EndProject
Project("{FAE04EC0-301F-11D3-BF4B-00C04F79EFBC}") = "RegisterLib", "RegisterLib\RegisterLib.csproj", "{3266012A-DD6D-4723-9DE0-6A173A11C06A}"
EndProject
Project("{FAE04EC0-301F-11D3-BF4B-00C04F79EFBC}") = "Test", "Test\Test.csproj", "{E056EE15-A509-401B-932B-937EE54CDA63}"
EndProject
Project("{F184B08F-C81C-45F6-A57F-5ABD9991F28F}") = "V-TRACK", "V-TRACK\V-TRACK.vbproj", "{63ED0BC9-47C0-4580-94D8-6BAFAF1A976F}"
EndProject
Project("{F184B08F-C81C-45F6-A57F-5ABD9991F28F}") = "ITSOperationManager", "ITSOperationManager\ITSOperationManager.vbproj", "{99761D48-35DB-4546-A77A-53C2B5B9E6BE}"
EndProject
Project("{F184B08F-C81C-45F6-A57F-5ABD9991F28F}") = "ITSBase", "ITSBase\ITSBase.vbproj", "{CC5E39F5-66FE-401E-BB81-4F9E47F1B190}"
EndProject
Project("{F184B08F-C81C-45F6-A57F-5ABD9991F28F}") = "UIControlLib", "UIControlLib\UIControlLib.vbproj", "{91E4F7E2-5797-4365-B74F-E748D2115D42}"
EndProject
Project("{FAE04EC0-301F-11D3-BF4B-00C04F79EFBC}") = "UIGraphLib", "UIGraphLib\UIGraphLib.csproj", "{2541686B-1673-43BF-AF89-3163945DB009}"
EndProject
Project("{FAE04EC0-301F-11D3-BF4B-00C04F79EFBC}") = "TraceCtrlLib", "TraceCtrlLib\TraceCtrlLib.csproj", "{7D89BF2B-1BD1-4787-AB32-2AEEE38FF3E4}"
EndProject
Project("{F184B08F-C81C-45F6-A57F-5ABD9991F28F}") = "ITSTraceManager", "ITSTraceManager\ITSTraceManager.vbproj", "{1159081E-2B4A-4F33-9F53-8A694D3DE705}"
EndProject
Project("{F184B08F-C81C-45F6-A57F-5ABD9991F28F}") = "TraceMonitor", "TraceMonitor\TraceMonitor.vbproj", "{71AA76E2-BB89-481B-9D80-E0CFAFCDCB75}"
EndProject
Project("{F184B08F-C81C-45F6-A57F-5ABD9991F28F}") = "ITSWareHouseManager", "ITSWareHouseManager\ITSWareHouseManager.vbproj", "{76C049C8-5FA9-4256-8339-3CCAF5648C2E}"
EndProject
Project("{F184B08F-C81C-45F6-A57F-5ABD9991F28F}") = "ITSProcess", "ITSProcess\ITSProcess.vbproj", "{04FD6FC1-2D7C-4675-A2B0-7E05A3981B5F}"
EndProject
Project("{FAE04EC0-301F-11D3-BF4B-00C04F79EFBC}") = "UiControlLibCS", "UiControlLibCS\UiControlLibCS.csproj", "{C3915CDA-2F6E-4900-B5D8-C1A6BAFC6E4E}"
EndProject
Project("{FAE04EC0-301F-11D3-BF4B-00C04F79EFBC}") = "ITSMaintainmentManager", "ITSMaintainmentManager\ITSMaintainmentManager.csproj", "{E777FDE2-B133-4397-BDB5-7C29E4E9FA75}"
EndProject
Project("{FAE04EC0-301F-11D3-BF4B-00C04F79EFBC}") = "BarCodeLib", "BarCodeLib\BarCodeLib.csproj", "{F9D3BD7E-EAE2-425E-BF4B-CD142EDB25DF}"
EndProject
Global
	GlobalSection(SolutionConfigurationPlatforms) = preSolution
		Debug|Any CPU = Debug|Any CPU
		Debug|Mixed Platforms = Debug|Mixed Platforms
		Debug|Win32 = Debug|Win32
		Debug|x86 = Debug|x86
		Release|Any CPU = Release|Any CPU
		Release|Mixed Platforms = Release|Mixed Platforms
		Release|Win32 = Release|Win32
		Release|x86 = Release|x86
		ReleaseRight|Any CPU = ReleaseRight|Any CPU
		ReleaseRight|Mixed Platforms = ReleaseRight|Mixed Platforms
		ReleaseRight|Win32 = ReleaseRight|Win32
		ReleaseRight|x86 = ReleaseRight|x86
	EndGlobalSection
	GlobalSection(ProjectConfigurationPlatforms) = postSolution
		{10F2C0F7-D9FF-43A4-8598-D218C195416E}.Debug|Any CPU.ActiveCfg = Debug|Any CPU
		{10F2C0F7-D9FF-43A4-8598-D218C195416E}.Debug|Any CPU.Build.0 = Debug|Any CPU
		{10F2C0F7-D9FF-43A4-8598-D218C195416E}.Debug|Mixed Platforms.ActiveCfg = Debug|Any CPU
		{10F2C0F7-D9FF-43A4-8598-D218C195416E}.Debug|Mixed Platforms.Build.0 = Debug|Any CPU
		{10F2C0F7-D9FF-43A4-8598-D218C195416E}.Debug|Win32.ActiveCfg = Debug|Any CPU
		{10F2C0F7-D9FF-43A4-8598-D218C195416E}.Debug|x86.ActiveCfg = Debug|x86
		{10F2C0F7-D9FF-43A4-8598-D218C195416E}.Debug|x86.Build.0 = Debug|x86
		{10F2C0F7-D9FF-43A4-8598-D218C195416E}.Release|Any CPU.ActiveCfg = Release|Any CPU
		{10F2C0F7-D9FF-43A4-8598-D218C195416E}.Release|Any CPU.Build.0 = Release|Any CPU
		{10F2C0F7-D9FF-43A4-8598-D218C195416E}.Release|Mixed Platforms.ActiveCfg = Release|Any CPU
		{10F2C0F7-D9FF-43A4-8598-D218C195416E}.Release|Mixed Platforms.Build.0 = Release|Any CPU
		{10F2C0F7-D9FF-43A4-8598-D218C195416E}.Release|Win32.ActiveCfg = Release|Any CPU
		{10F2C0F7-D9FF-43A4-8598-D218C195416E}.Release|x86.ActiveCfg = Release|Any CPU
		{10F2C0F7-D9FF-43A4-8598-D218C195416E}.ReleaseRight|Any CPU.ActiveCfg = Release|Any CPU
		{10F2C0F7-D9FF-43A4-8598-D218C195416E}.ReleaseRight|Any CPU.Build.0 = Release|Any CPU
		{10F2C0F7-D9FF-43A4-8598-D218C195416E}.ReleaseRight|Mixed Platforms.ActiveCfg = Release|Any CPU
		{10F2C0F7-D9FF-43A4-8598-D218C195416E}.ReleaseRight|Mixed Platforms.Build.0 = Release|Any CPU
		{10F2C0F7-D9FF-43A4-8598-D218C195416E}.ReleaseRight|Win32.ActiveCfg = Release|Any CPU
		{10F2C0F7-D9FF-43A4-8598-D218C195416E}.ReleaseRight|x86.ActiveCfg = Release|Any CPU
		{72AF3398-E8E6-422D-A6CA-205A4018DF3D}.Debug|Any CPU.ActiveCfg = Debug|Any CPU
		{72AF3398-E8E6-422D-A6CA-205A4018DF3D}.Debug|Any CPU.Build.0 = Debug|Any CPU
		{72AF3398-E8E6-422D-A6CA-205A4018DF3D}.Debug|Mixed Platforms.ActiveCfg = Debug|Any CPU
		{72AF3398-E8E6-422D-A6CA-205A4018DF3D}.Debug|Mixed Platforms.Build.0 = Debug|Any CPU
		{72AF3398-E8E6-422D-A6CA-205A4018DF3D}.Debug|Win32.ActiveCfg = Debug|Any CPU
		{72AF3398-E8E6-422D-A6CA-205A4018DF3D}.Debug|x86.ActiveCfg = Debug|x86
		{72AF3398-E8E6-422D-A6CA-205A4018DF3D}.Debug|x86.Build.0 = Debug|x86
		{72AF3398-E8E6-422D-A6CA-205A4018DF3D}.Release|Any CPU.ActiveCfg = Release|Any CPU
		{72AF3398-E8E6-422D-A6CA-205A4018DF3D}.Release|Any CPU.Build.0 = Release|Any CPU
		{72AF3398-E8E6-422D-A6CA-205A4018DF3D}.Release|Mixed Platforms.ActiveCfg = Release|Any CPU
		{72AF3398-E8E6-422D-A6CA-205A4018DF3D}.Release|Mixed Platforms.Build.0 = Release|Any CPU
		{72AF3398-E8E6-422D-A6CA-205A4018DF3D}.Release|Win32.ActiveCfg = Release|Any CPU
		{72AF3398-E8E6-422D-A6CA-205A4018DF3D}.Release|x86.ActiveCfg = Release|Any CPU
		{72AF3398-E8E6-422D-A6CA-205A4018DF3D}.ReleaseRight|Any CPU.ActiveCfg = Release|Any CPU
		{72AF3398-E8E6-422D-A6CA-205A4018DF3D}.ReleaseRight|Any CPU.Build.0 = Release|Any CPU
		{72AF3398-E8E6-422D-A6CA-205A4018DF3D}.ReleaseRight|Mixed Platforms.ActiveCfg = Release|Any CPU
		{72AF3398-E8E6-422D-A6CA-205A4018DF3D}.ReleaseRight|Mixed Platforms.Build.0 = Release|Any CPU
		{72AF3398-E8E6-422D-A6CA-205A4018DF3D}.ReleaseRight|Win32.ActiveCfg = Release|Any CPU
		{72AF3398-E8E6-422D-A6CA-205A4018DF3D}.ReleaseRight|x86.ActiveCfg = Release|Any CPU
		{3266012A-DD6D-4723-9DE0-6A173A11C06A}.Debug|Any CPU.ActiveCfg = Debug|Any CPU
		{3266012A-DD6D-4723-9DE0-6A173A11C06A}.Debug|Any CPU.Build.0 = Debug|Any CPU
		{3266012A-DD6D-4723-9DE0-6A173A11C06A}.Debug|Mixed Platforms.ActiveCfg = Debug|Any CPU
		{3266012A-DD6D-4723-9DE0-6A173A11C06A}.Debug|Mixed Platforms.Build.0 = Debug|Any CPU
		{3266012A-DD6D-4723-9DE0-6A173A11C06A}.Debug|Win32.ActiveCfg = Debug|Any CPU
		{3266012A-DD6D-4723-9DE0-6A173A11C06A}.Debug|x86.ActiveCfg = Debug|x86
		{3266012A-DD6D-4723-9DE0-6A173A11C06A}.Debug|x86.Build.0 = Debug|x86
		{3266012A-DD6D-4723-9DE0-6A173A11C06A}.Release|Any CPU.ActiveCfg = Release|Any CPU
		{3266012A-DD6D-4723-9DE0-6A173A11C06A}.Release|Any CPU.Build.0 = Release|Any CPU
		{3266012A-DD6D-4723-9DE0-6A173A11C06A}.Release|Mixed Platforms.ActiveCfg = Release|Any CPU
		{3266012A-DD6D-4723-9DE0-6A173A11C06A}.Release|Mixed Platforms.Build.0 = Release|Any CPU
		{3266012A-DD6D-4723-9DE0-6A173A11C06A}.Release|Win32.ActiveCfg = Release|Any CPU
		{3266012A-DD6D-4723-9DE0-6A173A11C06A}.Release|x86.ActiveCfg = Release|Any CPU
		{3266012A-DD6D-4723-9DE0-6A173A11C06A}.ReleaseRight|Any CPU.ActiveCfg = Release|Any CPU
		{3266012A-DD6D-4723-9DE0-6A173A11C06A}.ReleaseRight|Any CPU.Build.0 = Release|Any CPU
		{3266012A-DD6D-4723-9DE0-6A173A11C06A}.ReleaseRight|Mixed Platforms.ActiveCfg = Release|Any CPU
		{3266012A-DD6D-4723-9DE0-6A173A11C06A}.ReleaseRight|Mixed Platforms.Build.0 = Release|Any CPU
		{3266012A-DD6D-4723-9DE0-6A173A11C06A}.ReleaseRight|Win32.ActiveCfg = Release|Any CPU
		{3266012A-DD6D-4723-9DE0-6A173A11C06A}.ReleaseRight|x86.ActiveCfg = Release|Any CPU
		{E056EE15-A509-401B-932B-937EE54CDA63}.Debug|Any CPU.ActiveCfg = Debug|x86
		{E056EE15-A509-401B-932B-937EE54CDA63}.Debug|Mixed Platforms.ActiveCfg = Debug|x86
		{E056EE15-A509-401B-932B-937EE54CDA63}.Debug|Mixed Platforms.Build.0 = Debug|x86
		{E056EE15-A509-401B-932B-937EE54CDA63}.Debug|Win32.ActiveCfg = Debug|x86
		{E056EE15-A509-401B-932B-937EE54CDA63}.Debug|x86.ActiveCfg = Debug|x86
		{E056EE15-A509-401B-932B-937EE54CDA63}.Debug|x86.Build.0 = Debug|x86
		{E056EE15-A509-401B-932B-937EE54CDA63}.Release|Any CPU.ActiveCfg = Release|x86
		{E056EE15-A509-401B-932B-937EE54CDA63}.Release|Mixed Platforms.ActiveCfg = Release|x86
		{E056EE15-A509-401B-932B-937EE54CDA63}.Release|Mixed Platforms.Build.0 = Release|x86
		{E056EE15-A509-401B-932B-937EE54CDA63}.Release|Win32.ActiveCfg = Release|x86
		{E056EE15-A509-401B-932B-937EE54CDA63}.Release|x86.ActiveCfg = Release|x86
		{E056EE15-A509-401B-932B-937EE54CDA63}.Release|x86.Build.0 = Release|x86
		{E056EE15-A509-401B-932B-937EE54CDA63}.ReleaseRight|Any CPU.ActiveCfg = Release|x86
		{E056EE15-A509-401B-932B-937EE54CDA63}.ReleaseRight|Mixed Platforms.ActiveCfg = Release|x86
		{E056EE15-A509-401B-932B-937EE54CDA63}.ReleaseRight|Mixed Platforms.Build.0 = Release|x86
		{E056EE15-A509-401B-932B-937EE54CDA63}.ReleaseRight|Win32.ActiveCfg = Release|x86
		{E056EE15-A509-401B-932B-937EE54CDA63}.ReleaseRight|x86.ActiveCfg = Release|x86
		{E056EE15-A509-401B-932B-937EE54CDA63}.ReleaseRight|x86.Build.0 = Release|x86
		{63ED0BC9-47C0-4580-94D8-6BAFAF1A976F}.Debug|Any CPU.ActiveCfg = Debug|Any CPU
		{63ED0BC9-47C0-4580-94D8-6BAFAF1A976F}.Debug|Any CPU.Build.0 = Debug|Any CPU
		{63ED0BC9-47C0-4580-94D8-6BAFAF1A976F}.Debug|Mixed Platforms.ActiveCfg = Debug|Any CPU
		{63ED0BC9-47C0-4580-94D8-6BAFAF1A976F}.Debug|Mixed Platforms.Build.0 = Debug|Any CPU
		{63ED0BC9-47C0-4580-94D8-6BAFAF1A976F}.Debug|Win32.ActiveCfg = Debug|Any CPU
		{63ED0BC9-47C0-4580-94D8-6BAFAF1A976F}.Debug|x86.ActiveCfg = Debug|x86
		{63ED0BC9-47C0-4580-94D8-6BAFAF1A976F}.Debug|x86.Build.0 = Debug|x86
		{63ED0BC9-47C0-4580-94D8-6BAFAF1A976F}.Release|Any CPU.ActiveCfg = Release|Any CPU
		{63ED0BC9-47C0-4580-94D8-6BAFAF1A976F}.Release|Any CPU.Build.0 = Release|Any CPU
		{63ED0BC9-47C0-4580-94D8-6BAFAF1A976F}.Release|Mixed Platforms.ActiveCfg = Release|Any CPU
		{63ED0BC9-47C0-4580-94D8-6BAFAF1A976F}.Release|Mixed Platforms.Build.0 = Release|Any CPU
		{63ED0BC9-47C0-4580-94D8-6BAFAF1A976F}.Release|Win32.ActiveCfg = Release|Any CPU
		{63ED0BC9-47C0-4580-94D8-6BAFAF1A976F}.Release|x86.ActiveCfg = Release|Any CPU
		{63ED0BC9-47C0-4580-94D8-6BAFAF1A976F}.ReleaseRight|Any CPU.ActiveCfg = Release|Any CPU
		{63ED0BC9-47C0-4580-94D8-6BAFAF1A976F}.ReleaseRight|Any CPU.Build.0 = Release|Any CPU
		{63ED0BC9-47C0-4580-94D8-6BAFAF1A976F}.ReleaseRight|Mixed Platforms.ActiveCfg = Release|Any CPU
		{63ED0BC9-47C0-4580-94D8-6BAFAF1A976F}.ReleaseRight|Mixed Platforms.Build.0 = Release|Any CPU
		{63ED0BC9-47C0-4580-94D8-6BAFAF1A976F}.ReleaseRight|Win32.ActiveCfg = Release|Any CPU
		{63ED0BC9-47C0-4580-94D8-6BAFAF1A976F}.ReleaseRight|x86.ActiveCfg = Release|Any CPU
		{99761D48-35DB-4546-A77A-53C2B5B9E6BE}.Debug|Any CPU.ActiveCfg = Debug|Any CPU
		{99761D48-35DB-4546-A77A-53C2B5B9E6BE}.Debug|Any CPU.Build.0 = Debug|Any CPU
		{99761D48-35DB-4546-A77A-53C2B5B9E6BE}.Debug|Mixed Platforms.ActiveCfg = Debug|Any CPU
		{99761D48-35DB-4546-A77A-53C2B5B9E6BE}.Debug|Mixed Platforms.Build.0 = Debug|Any CPU
		{99761D48-35DB-4546-A77A-53C2B5B9E6BE}.Debug|Win32.ActiveCfg = Debug|Any CPU
		{99761D48-35DB-4546-A77A-53C2B5B9E6BE}.Debug|x86.ActiveCfg = Debug|x86
		{99761D48-35DB-4546-A77A-53C2B5B9E6BE}.Debug|x86.Build.0 = Debug|x86
		{99761D48-35DB-4546-A77A-53C2B5B9E6BE}.Release|Any CPU.ActiveCfg = Release|Any CPU
		{99761D48-35DB-4546-A77A-53C2B5B9E6BE}.Release|Any CPU.Build.0 = Release|Any CPU
		{99761D48-35DB-4546-A77A-53C2B5B9E6BE}.Release|Mixed Platforms.ActiveCfg = Release|Any CPU
		{99761D48-35DB-4546-A77A-53C2B5B9E6BE}.Release|Mixed Platforms.Build.0 = Release|Any CPU
		{99761D48-35DB-4546-A77A-53C2B5B9E6BE}.Release|Win32.ActiveCfg = Release|Any CPU
		{99761D48-35DB-4546-A77A-53C2B5B9E6BE}.Release|x86.ActiveCfg = Release|Any CPU
		{99761D48-35DB-4546-A77A-53C2B5B9E6BE}.ReleaseRight|Any CPU.ActiveCfg = Release|Any CPU
		{99761D48-35DB-4546-A77A-53C2B5B9E6BE}.ReleaseRight|Any CPU.Build.0 = Release|Any CPU
		{99761D48-35DB-4546-A77A-53C2B5B9E6BE}.ReleaseRight|Mixed Platforms.ActiveCfg = Release|Any CPU
		{99761D48-35DB-4546-A77A-53C2B5B9E6BE}.ReleaseRight|Mixed Platforms.Build.0 = Release|Any CPU
		{99761D48-35DB-4546-A77A-53C2B5B9E6BE}.ReleaseRight|Win32.ActiveCfg = Release|Any CPU
		{99761D48-35DB-4546-A77A-53C2B5B9E6BE}.ReleaseRight|x86.ActiveCfg = Release|Any CPU
		{CC5E39F5-66FE-401E-BB81-4F9E47F1B190}.Debug|Any CPU.ActiveCfg = Debug|Any CPU
		{CC5E39F5-66FE-401E-BB81-4F9E47F1B190}.Debug|Any CPU.Build.0 = Debug|Any CPU
		{CC5E39F5-66FE-401E-BB81-4F9E47F1B190}.Debug|Mixed Platforms.ActiveCfg = Debug|Any CPU
		{CC5E39F5-66FE-401E-BB81-4F9E47F1B190}.Debug|Mixed Platforms.Build.0 = Debug|Any CPU
		{CC5E39F5-66FE-401E-BB81-4F9E47F1B190}.Debug|Win32.ActiveCfg = Debug|Any CPU
		{CC5E39F5-66FE-401E-BB81-4F9E47F1B190}.Debug|x86.ActiveCfg = Debug|x86
		{CC5E39F5-66FE-401E-BB81-4F9E47F1B190}.Debug|x86.Build.0 = Debug|x86
		{CC5E39F5-66FE-401E-BB81-4F9E47F1B190}.Release|Any CPU.ActiveCfg = Release|Any CPU
		{CC5E39F5-66FE-401E-BB81-4F9E47F1B190}.Release|Any CPU.Build.0 = Release|Any CPU
		{CC5E39F5-66FE-401E-BB81-4F9E47F1B190}.Release|Mixed Platforms.ActiveCfg = Release|Any CPU
		{CC5E39F5-66FE-401E-BB81-4F9E47F1B190}.Release|Mixed Platforms.Build.0 = Release|Any CPU
		{CC5E39F5-66FE-401E-BB81-4F9E47F1B190}.Release|Win32.ActiveCfg = Release|Any CPU
		{CC5E39F5-66FE-401E-BB81-4F9E47F1B190}.Release|x86.ActiveCfg = Release|Any CPU
		{CC5E39F5-66FE-401E-BB81-4F9E47F1B190}.ReleaseRight|Any CPU.ActiveCfg = Release|Any CPU
		{CC5E39F5-66FE-401E-BB81-4F9E47F1B190}.ReleaseRight|Any CPU.Build.0 = Release|Any CPU
		{CC5E39F5-66FE-401E-BB81-4F9E47F1B190}.ReleaseRight|Mixed Platforms.ActiveCfg = Release|Any CPU
		{CC5E39F5-66FE-401E-BB81-4F9E47F1B190}.ReleaseRight|Mixed Platforms.Build.0 = Release|Any CPU
		{CC5E39F5-66FE-401E-BB81-4F9E47F1B190}.ReleaseRight|Win32.ActiveCfg = Release|Any CPU
		{CC5E39F5-66FE-401E-BB81-4F9E47F1B190}.ReleaseRight|x86.ActiveCfg = Release|Any CPU
		{91E4F7E2-5797-4365-B74F-E748D2115D42}.Debug|Any CPU.ActiveCfg = Debug|Any CPU
		{91E4F7E2-5797-4365-B74F-E748D2115D42}.Debug|Any CPU.Build.0 = Debug|Any CPU
		{91E4F7E2-5797-4365-B74F-E748D2115D42}.Debug|Mixed Platforms.ActiveCfg = Debug|Any CPU
		{91E4F7E2-5797-4365-B74F-E748D2115D42}.Debug|Mixed Platforms.Build.0 = Debug|Any CPU
		{91E4F7E2-5797-4365-B74F-E748D2115D42}.Debug|Win32.ActiveCfg = Debug|Any CPU
		{91E4F7E2-5797-4365-B74F-E748D2115D42}.Debug|x86.ActiveCfg = Debug|x86
		{91E4F7E2-5797-4365-B74F-E748D2115D42}.Debug|x86.Build.0 = Debug|x86
		{91E4F7E2-5797-4365-B74F-E748D2115D42}.Release|Any CPU.ActiveCfg = Release|Any CPU
		{91E4F7E2-5797-4365-B74F-E748D2115D42}.Release|Any CPU.Build.0 = Release|Any CPU
		{91E4F7E2-5797-4365-B74F-E748D2115D42}.Release|Mixed Platforms.ActiveCfg = Release|Any CPU
		{91E4F7E2-5797-4365-B74F-E748D2115D42}.Release|Mixed Platforms.Build.0 = Release|Any CPU
		{91E4F7E2-5797-4365-B74F-E748D2115D42}.Release|Win32.ActiveCfg = Release|Any CPU
		{91E4F7E2-5797-4365-B74F-E748D2115D42}.Release|x86.ActiveCfg = Release|Any CPU
		{91E4F7E2-5797-4365-B74F-E748D2115D42}.ReleaseRight|Any CPU.ActiveCfg = ReleaseRight|Any CPU
		{91E4F7E2-5797-4365-B74F-E748D2115D42}.ReleaseRight|Any CPU.Build.0 = ReleaseRight|Any CPU
		{91E4F7E2-5797-4365-B74F-E748D2115D42}.ReleaseRight|Mixed Platforms.ActiveCfg = ReleaseRight|Any CPU
		{91E4F7E2-5797-4365-B74F-E748D2115D42}.ReleaseRight|Mixed Platforms.Build.0 = ReleaseRight|Any CPU
		{91E4F7E2-5797-4365-B74F-E748D2115D42}.ReleaseRight|Win32.ActiveCfg = ReleaseRight|Any CPU
		{91E4F7E2-5797-4365-B74F-E748D2115D42}.ReleaseRight|x86.ActiveCfg = ReleaseRight|Any CPU
		{2541686B-1673-43BF-AF89-3163945DB009}.Debug|Any CPU.ActiveCfg = Debug|Any CPU
		{2541686B-1673-43BF-AF89-3163945DB009}.Debug|Any CPU.Build.0 = Debug|Any CPU
		{2541686B-1673-43BF-AF89-3163945DB009}.Debug|Mixed Platforms.ActiveCfg = Debug|Any CPU
		{2541686B-1673-43BF-AF89-3163945DB009}.Debug|Mixed Platforms.Build.0 = Debug|Any CPU
		{2541686B-1673-43BF-AF89-3163945DB009}.Debug|Win32.ActiveCfg = Debug|Any CPU
		{2541686B-1673-43BF-AF89-3163945DB009}.Debug|x86.ActiveCfg = Debug|x86
		{2541686B-1673-43BF-AF89-3163945DB009}.Debug|x86.Build.0 = Debug|x86
		{2541686B-1673-43BF-AF89-3163945DB009}.Release|Any CPU.ActiveCfg = Release|Any CPU
		{2541686B-1673-43BF-AF89-3163945DB009}.Release|Any CPU.Build.0 = Release|Any CPU
		{2541686B-1673-43BF-AF89-3163945DB009}.Release|Mixed Platforms.ActiveCfg = Release|Any CPU
		{2541686B-1673-43BF-AF89-3163945DB009}.Release|Mixed Platforms.Build.0 = Release|Any CPU
		{2541686B-1673-43BF-AF89-3163945DB009}.Release|Win32.ActiveCfg = Release|Any CPU
		{2541686B-1673-43BF-AF89-3163945DB009}.Release|x86.ActiveCfg = Release|Any CPU
		{2541686B-1673-43BF-AF89-3163945DB009}.ReleaseRight|Any CPU.ActiveCfg = ReleaseRight|Any CPU
		{2541686B-1673-43BF-AF89-3163945DB009}.ReleaseRight|Any CPU.Build.0 = ReleaseRight|Any CPU
		{2541686B-1673-43BF-AF89-3163945DB009}.ReleaseRight|Mixed Platforms.ActiveCfg = ReleaseRight|Any CPU
		{2541686B-1673-43BF-AF89-3163945DB009}.ReleaseRight|Mixed Platforms.Build.0 = ReleaseRight|Any CPU
		{2541686B-1673-43BF-AF89-3163945DB009}.ReleaseRight|Win32.ActiveCfg = ReleaseRight|Any CPU
		{2541686B-1673-43BF-AF89-3163945DB009}.ReleaseRight|x86.ActiveCfg = ReleaseRight|Any CPU
		{7D89BF2B-1BD1-4787-AB32-2AEEE38FF3E4}.Debug|Any CPU.ActiveCfg = Debug|Any CPU
		{7D89BF2B-1BD1-4787-AB32-2AEEE38FF3E4}.Debug|Any CPU.Build.0 = Debug|Any CPU
		{7D89BF2B-1BD1-4787-AB32-2AEEE38FF3E4}.Debug|Mixed Platforms.ActiveCfg = Debug|Any CPU
		{7D89BF2B-1BD1-4787-AB32-2AEEE38FF3E4}.Debug|Mixed Platforms.Build.0 = Debug|Any CPU
		{7D89BF2B-1BD1-4787-AB32-2AEEE38FF3E4}.Debug|Win32.ActiveCfg = Debug|Any CPU
		{7D89BF2B-1BD1-4787-AB32-2AEEE38FF3E4}.Debug|x86.ActiveCfg = Debug|Any CPU
		{7D89BF2B-1BD1-4787-AB32-2AEEE38FF3E4}.Release|Any CPU.ActiveCfg = Release|Any CPU
		{7D89BF2B-1BD1-4787-AB32-2AEEE38FF3E4}.Release|Any CPU.Build.0 = Release|Any CPU
		{7D89BF2B-1BD1-4787-AB32-2AEEE38FF3E4}.Release|Mixed Platforms.ActiveCfg = Release|Any CPU
		{7D89BF2B-1BD1-4787-AB32-2AEEE38FF3E4}.Release|Mixed Platforms.Build.0 = Release|Any CPU
		{7D89BF2B-1BD1-4787-AB32-2AEEE38FF3E4}.Release|Win32.ActiveCfg = Release|Any CPU
		{7D89BF2B-1BD1-4787-AB32-2AEEE38FF3E4}.Release|x86.ActiveCfg = Release|Any CPU
		{7D89BF2B-1BD1-4787-AB32-2AEEE38FF3E4}.ReleaseRight|Any CPU.ActiveCfg = Release|Any CPU
		{7D89BF2B-1BD1-4787-AB32-2AEEE38FF3E4}.ReleaseRight|Any CPU.Build.0 = Release|Any CPU
		{7D89BF2B-1BD1-4787-AB32-2AEEE38FF3E4}.ReleaseRight|Mixed Platforms.ActiveCfg = Release|Any CPU
		{7D89BF2B-1BD1-4787-AB32-2AEEE38FF3E4}.ReleaseRight|Mixed Platforms.Build.0 = Release|Any CPU
		{7D89BF2B-1BD1-4787-AB32-2AEEE38FF3E4}.ReleaseRight|Win32.ActiveCfg = Release|Any CPU
		{7D89BF2B-1BD1-4787-AB32-2AEEE38FF3E4}.ReleaseRight|x86.ActiveCfg = Release|Any CPU
		{1159081E-2B4A-4F33-9F53-8A694D3DE705}.Debug|Any CPU.ActiveCfg = Debug|Any CPU
		{1159081E-2B4A-4F33-9F53-8A694D3DE705}.Debug|Any CPU.Build.0 = Debug|Any CPU
		{1159081E-2B4A-4F33-9F53-8A694D3DE705}.Debug|Mixed Platforms.ActiveCfg = Debug|Any CPU
		{1159081E-2B4A-4F33-9F53-8A694D3DE705}.Debug|Mixed Platforms.Build.0 = Debug|Any CPU
		{1159081E-2B4A-4F33-9F53-8A694D3DE705}.Debug|Win32.ActiveCfg = Debug|Any CPU
		{1159081E-2B4A-4F33-9F53-8A694D3DE705}.Debug|x86.ActiveCfg = Debug|Any CPU
		{1159081E-2B4A-4F33-9F53-8A694D3DE705}.Release|Any CPU.ActiveCfg = Release|Any CPU
		{1159081E-2B4A-4F33-9F53-8A694D3DE705}.Release|Any CPU.Build.0 = Release|Any CPU
		{1159081E-2B4A-4F33-9F53-8A694D3DE705}.Release|Mixed Platforms.ActiveCfg = Release|Any CPU
		{1159081E-2B4A-4F33-9F53-8A694D3DE705}.Release|Mixed Platforms.Build.0 = Release|Any CPU
		{1159081E-2B4A-4F33-9F53-8A694D3DE705}.Release|Win32.ActiveCfg = Release|Any CPU
		{1159081E-2B4A-4F33-9F53-8A694D3DE705}.Release|x86.ActiveCfg = Release|Any CPU
		{1159081E-2B4A-4F33-9F53-8A694D3DE705}.ReleaseRight|Any CPU.ActiveCfg = Release|Any CPU
		{1159081E-2B4A-4F33-9F53-8A694D3DE705}.ReleaseRight|Any CPU.Build.0 = Release|Any CPU
		{1159081E-2B4A-4F33-9F53-8A694D3DE705}.ReleaseRight|Mixed Platforms.ActiveCfg = Release|Any CPU
		{1159081E-2B4A-4F33-9F53-8A694D3DE705}.ReleaseRight|Mixed Platforms.Build.0 = Release|Any CPU
		{1159081E-2B4A-4F33-9F53-8A694D3DE705}.ReleaseRight|Win32.ActiveCfg = Release|Any CPU
		{1159081E-2B4A-4F33-9F53-8A694D3DE705}.ReleaseRight|x86.ActiveCfg = Release|Any CPU
		{71AA76E2-BB89-481B-9D80-E0CFAFCDCB75}.Debug|Any CPU.ActiveCfg = Debug|Any CPU
		{71AA76E2-BB89-481B-9D80-E0CFAFCDCB75}.Debug|Any CPU.Build.0 = Debug|Any CPU
		{71AA76E2-BB89-481B-9D80-E0CFAFCDCB75}.Debug|Mixed Platforms.ActiveCfg = Debug|Any CPU
		{71AA76E2-BB89-481B-9D80-E0CFAFCDCB75}.Debug|Mixed Platforms.Build.0 = Debug|Any CPU
		{71AA76E2-BB89-481B-9D80-E0CFAFCDCB75}.Debug|Win32.ActiveCfg = Debug|Any CPU
		{71AA76E2-BB89-481B-9D80-E0CFAFCDCB75}.Debug|x86.ActiveCfg = Debug|Any CPU
		{71AA76E2-BB89-481B-9D80-E0CFAFCDCB75}.Release|Any CPU.ActiveCfg = Release|Any CPU
		{71AA76E2-BB89-481B-9D80-E0CFAFCDCB75}.Release|Any CPU.Build.0 = Release|Any CPU
		{71AA76E2-BB89-481B-9D80-E0CFAFCDCB75}.Release|Mixed Platforms.ActiveCfg = Release|Any CPU
		{71AA76E2-BB89-481B-9D80-E0CFAFCDCB75}.Release|Mixed Platforms.Build.0 = Release|Any CPU
		{71AA76E2-BB89-481B-9D80-E0CFAFCDCB75}.Release|Win32.ActiveCfg = Release|Any CPU
		{71AA76E2-BB89-481B-9D80-E0CFAFCDCB75}.Release|x86.ActiveCfg = Release|Any CPU
		{71AA76E2-BB89-481B-9D80-E0CFAFCDCB75}.ReleaseRight|Any CPU.ActiveCfg = Release|Any CPU
		{71AA76E2-BB89-481B-9D80-E0CFAFCDCB75}.ReleaseRight|Any CPU.Build.0 = Release|Any CPU
		{71AA76E2-BB89-481B-9D80-E0CFAFCDCB75}.ReleaseRight|Mixed Platforms.ActiveCfg = Release|Any CPU
		{71AA76E2-BB89-481B-9D80-E0CFAFCDCB75}.ReleaseRight|Mixed Platforms.Build.0 = Release|Any CPU
		{71AA76E2-BB89-481B-9D80-E0CFAFCDCB75}.ReleaseRight|Win32.ActiveCfg = Release|Any CPU
		{71AA76E2-BB89-481B-9D80-E0CFAFCDCB75}.ReleaseRight|x86.ActiveCfg = Release|Any CPU
		{76C049C8-5FA9-4256-8339-3CCAF5648C2E}.Debug|Any CPU.ActiveCfg = Debug|Any CPU
		{76C049C8-5FA9-4256-8339-3CCAF5648C2E}.Debug|Any CPU.Build.0 = Debug|Any CPU
		{76C049C8-5FA9-4256-8339-3CCAF5648C2E}.Debug|Mixed Platforms.ActiveCfg = Debug|Any CPU
		{76C049C8-5FA9-4256-8339-3CCAF5648C2E}.Debug|Mixed Platforms.Build.0 = Debug|Any CPU
		{76C049C8-5FA9-4256-8339-3CCAF5648C2E}.Debug|Win32.ActiveCfg = Debug|x86
		{76C049C8-5FA9-4256-8339-3CCAF5648C2E}.Debug|x86.ActiveCfg = Debug|x86
		{76C049C8-5FA9-4256-8339-3CCAF5648C2E}.Debug|x86.Build.0 = Debug|x86
		{76C049C8-5FA9-4256-8339-3CCAF5648C2E}.Release|Any CPU.ActiveCfg = Release|Any CPU
		{76C049C8-5FA9-4256-8339-3CCAF5648C2E}.Release|Any CPU.Build.0 = Release|Any CPU
		{76C049C8-5FA9-4256-8339-3CCAF5648C2E}.Release|Mixed Platforms.ActiveCfg = Release|Any CPU
		{76C049C8-5FA9-4256-8339-3CCAF5648C2E}.Release|Mixed Platforms.Build.0 = Release|Any CPU
		{76C049C8-5FA9-4256-8339-3CCAF5648C2E}.Release|Win32.ActiveCfg = Release|Any CPU
		{76C049C8-5FA9-4256-8339-3CCAF5648C2E}.Release|x86.ActiveCfg = Release|Any CPU
		{76C049C8-5FA9-4256-8339-3CCAF5648C2E}.ReleaseRight|Any CPU.ActiveCfg = Release|Any CPU
		{76C049C8-5FA9-4256-8339-3CCAF5648C2E}.ReleaseRight|Any CPU.Build.0 = Release|Any CPU
		{76C049C8-5FA9-4256-8339-3CCAF5648C2E}.ReleaseRight|Mixed Platforms.ActiveCfg = Release|Any CPU
		{76C049C8-5FA9-4256-8339-3CCAF5648C2E}.ReleaseRight|Mixed Platforms.Build.0 = Release|Any CPU
		{76C049C8-5FA9-4256-8339-3CCAF5648C2E}.ReleaseRight|Win32.ActiveCfg = Debug|x86
		{76C049C8-5FA9-4256-8339-3CCAF5648C2E}.ReleaseRight|x86.ActiveCfg = Release|Any CPU
		{04FD6FC1-2D7C-4675-A2B0-7E05A3981B5F}.Debug|Any CPU.ActiveCfg = Debug|Any CPU
		{04FD6FC1-2D7C-4675-A2B0-7E05A3981B5F}.Debug|Any CPU.Build.0 = Debug|Any CPU
		{04FD6FC1-2D7C-4675-A2B0-7E05A3981B5F}.Debug|Mixed Platforms.ActiveCfg = Debug|Any CPU
		{04FD6FC1-2D7C-4675-A2B0-7E05A3981B5F}.Debug|Mixed Platforms.Build.0 = Debug|Any CPU
		{04FD6FC1-2D7C-4675-A2B0-7E05A3981B5F}.Debug|Win32.ActiveCfg = Debug|x86
		{04FD6FC1-2D7C-4675-A2B0-7E05A3981B5F}.Debug|x86.ActiveCfg = Debug|x86
		{04FD6FC1-2D7C-4675-A2B0-7E05A3981B5F}.Debug|x86.Build.0 = Debug|x86
		{04FD6FC1-2D7C-4675-A2B0-7E05A3981B5F}.Release|Any CPU.ActiveCfg = Release|Any CPU
		{04FD6FC1-2D7C-4675-A2B0-7E05A3981B5F}.Release|Any CPU.Build.0 = Release|Any CPU
		{04FD6FC1-2D7C-4675-A2B0-7E05A3981B5F}.Release|Mixed Platforms.ActiveCfg = Release|Any CPU
		{04FD6FC1-2D7C-4675-A2B0-7E05A3981B5F}.Release|Mixed Platforms.Build.0 = Release|Any CPU
		{04FD6FC1-2D7C-4675-A2B0-7E05A3981B5F}.Release|Win32.ActiveCfg = Release|Any CPU
		{04FD6FC1-2D7C-4675-A2B0-7E05A3981B5F}.Release|x86.ActiveCfg = Release|Any CPU
		{04FD6FC1-2D7C-4675-A2B0-7E05A3981B5F}.ReleaseRight|Any CPU.ActiveCfg = Release|Any CPU
		{04FD6FC1-2D7C-4675-A2B0-7E05A3981B5F}.ReleaseRight|Any CPU.Build.0 = Release|Any CPU
		{04FD6FC1-2D7C-4675-A2B0-7E05A3981B5F}.ReleaseRight|Mixed Platforms.ActiveCfg = Release|Any CPU
		{04FD6FC1-2D7C-4675-A2B0-7E05A3981B5F}.ReleaseRight|Mixed Platforms.Build.0 = Release|Any CPU
		{04FD6FC1-2D7C-4675-A2B0-7E05A3981B5F}.ReleaseRight|Win32.ActiveCfg = Debug|x86
		{04FD6FC1-2D7C-4675-A2B0-7E05A3981B5F}.ReleaseRight|x86.ActiveCfg = Release|Any CPU
		{C3915CDA-2F6E-4900-B5D8-C1A6BAFC6E4E}.Debug|Any CPU.ActiveCfg = Debug|Any CPU
		{C3915CDA-2F6E-4900-B5D8-C1A6BAFC6E4E}.Debug|Any CPU.Build.0 = Debug|Any CPU
		{C3915CDA-2F6E-4900-B5D8-C1A6BAFC6E4E}.Debug|Mixed Platforms.ActiveCfg = Debug|Any CPU
		{C3915CDA-2F6E-4900-B5D8-C1A6BAFC6E4E}.Debug|Mixed Platforms.Build.0 = Debug|Any CPU
		{C3915CDA-2F6E-4900-B5D8-C1A6BAFC6E4E}.Debug|Win32.ActiveCfg = Debug|Any CPU
		{C3915CDA-2F6E-4900-B5D8-C1A6BAFC6E4E}.Debug|x86.ActiveCfg = Debug|Any CPU
		{C3915CDA-2F6E-4900-B5D8-C1A6BAFC6E4E}.Release|Any CPU.ActiveCfg = Release|Any CPU
		{C3915CDA-2F6E-4900-B5D8-C1A6BAFC6E4E}.Release|Any CPU.Build.0 = Release|Any CPU
		{C3915CDA-2F6E-4900-B5D8-C1A6BAFC6E4E}.Release|Mixed Platforms.ActiveCfg = Release|Any CPU
		{C3915CDA-2F6E-4900-B5D8-C1A6BAFC6E4E}.Release|Mixed Platforms.Build.0 = Release|Any CPU
		{C3915CDA-2F6E-4900-B5D8-C1A6BAFC6E4E}.Release|Win32.ActiveCfg = Release|Any CPU
		{C3915CDA-2F6E-4900-B5D8-C1A6BAFC6E4E}.Release|x86.ActiveCfg = Release|Any CPU
		{C3915CDA-2F6E-4900-B5D8-C1A6BAFC6E4E}.ReleaseRight|Any CPU.ActiveCfg = Release|Any CPU
		{C3915CDA-2F6E-4900-B5D8-C1A6BAFC6E4E}.ReleaseRight|Any CPU.Build.0 = Release|Any CPU
		{C3915CDA-2F6E-4900-B5D8-C1A6BAFC6E4E}.ReleaseRight|Mixed Platforms.ActiveCfg = Release|Any CPU
		{C3915CDA-2F6E-4900-B5D8-C1A6BAFC6E4E}.ReleaseRight|Mixed Platforms.Build.0 = Release|Any CPU
		{C3915CDA-2F6E-4900-B5D8-C1A6BAFC6E4E}.ReleaseRight|Win32.ActiveCfg = Release|Any CPU
		{C3915CDA-2F6E-4900-B5D8-C1A6BAFC6E4E}.ReleaseRight|x86.ActiveCfg = Release|Any CPU
		{E777FDE2-B133-4397-BDB5-7C29E4E9FA75}.Debug|Any CPU.ActiveCfg = Debug|Any CPU
		{E777FDE2-B133-4397-BDB5-7C29E4E9FA75}.Debug|Any CPU.Build.0 = Debug|Any CPU
		{E777FDE2-B133-4397-BDB5-7C29E4E9FA75}.Debug|Mixed Platforms.ActiveCfg = Debug|Any CPU
		{E777FDE2-B133-4397-BDB5-7C29E4E9FA75}.Debug|Mixed Platforms.Build.0 = Debug|Any CPU
		{E777FDE2-B133-4397-BDB5-7C29E4E9FA75}.Debug|Win32.ActiveCfg = Debug|Any CPU
		{E777FDE2-B133-4397-BDB5-7C29E4E9FA75}.Debug|x86.ActiveCfg = Debug|Any CPU
		{E777FDE2-B133-4397-BDB5-7C29E4E9FA75}.Release|Any CPU.ActiveCfg = Release|Any CPU
		{E777FDE2-B133-4397-BDB5-7C29E4E9FA75}.Release|Any CPU.Build.0 = Release|Any CPU
		{E777FDE2-B133-4397-BDB5-7C29E4E9FA75}.Release|Mixed Platforms.ActiveCfg = Release|Any CPU
		{E777FDE2-B133-4397-BDB5-7C29E4E9FA75}.Release|Mixed Platforms.Build.0 = Release|Any CPU
		{E777FDE2-B133-4397-BDB5-7C29E4E9FA75}.Release|Win32.ActiveCfg = Release|Any CPU
		{E777FDE2-B133-4397-BDB5-7C29E4E9FA75}.Release|x86.ActiveCfg = Release|Any CPU
		{E777FDE2-B133-4397-BDB5-7C29E4E9FA75}.ReleaseRight|Any CPU.ActiveCfg = Release|Any CPU
		{E777FDE2-B133-4397-BDB5-7C29E4E9FA75}.ReleaseRight|Any CPU.Build.0 = Release|Any CPU
		{E777FDE2-B133-4397-BDB5-7C29E4E9FA75}.ReleaseRight|Mixed Platforms.ActiveCfg = Release|Any CPU
		{E777FDE2-B133-4397-BDB5-7C29E4E9FA75}.ReleaseRight|Mixed Platforms.Build.0 = Release|Any CPU
		{E777FDE2-B133-4397-BDB5-7C29E4E9FA75}.ReleaseRight|Win32.ActiveCfg = Release|Any CPU
		{E777FDE2-B133-4397-BDB5-7C29E4E9FA75}.ReleaseRight|x86.ActiveCfg = Release|Any CPU
		{F9D3BD7E-EAE2-425E-BF4B-CD142EDB25DF}.Debug|Any CPU.ActiveCfg = Debug|Any CPU
		{F9D3BD7E-EAE2-425E-BF4B-CD142EDB25DF}.Debug|Any CPU.Build.0 = Debug|Any CPU
		{F9D3BD7E-EAE2-425E-BF4B-CD142EDB25DF}.Debug|Mixed Platforms.ActiveCfg = Debug|x86
		{F9D3BD7E-EAE2-425E-BF4B-CD142EDB25DF}.Debug|Mixed Platforms.Build.0 = Debug|x86
		{F9D3BD7E-EAE2-425E-BF4B-CD142EDB25DF}.Debug|Win32.ActiveCfg = Debug|x86
		{F9D3BD7E-EAE2-425E-BF4B-CD142EDB25DF}.Debug|Win32.Build.0 = Debug|x86
		{F9D3BD7E-EAE2-425E-BF4B-CD142EDB25DF}.Debug|x86.ActiveCfg = Debug|x86
		{F9D3BD7E-EAE2-425E-BF4B-CD142EDB25DF}.Debug|x86.Build.0 = Debug|x86
		{F9D3BD7E-EAE2-425E-BF4B-CD142EDB25DF}.Release|Any CPU.ActiveCfg = Release|Any CPU
		{F9D3BD7E-EAE2-425E-BF4B-CD142EDB25DF}.Release|Any CPU.Build.0 = Release|Any CPU
		{F9D3BD7E-EAE2-425E-BF4B-CD142EDB25DF}.Release|Mixed Platforms.ActiveCfg = Release|x86
		{F9D3BD7E-EAE2-425E-BF4B-CD142EDB25DF}.Release|Mixed Platforms.Build.0 = Release|x86
		{F9D3BD7E-EAE2-425E-BF4B-CD142EDB25DF}.Release|Win32.ActiveCfg = Release|x86
		{F9D3BD7E-EAE2-425E-BF4B-CD142EDB25DF}.Release|Win32.Build.0 = Release|x86
		{F9D3BD7E-EAE2-425E-BF4B-CD142EDB25DF}.Release|x86.ActiveCfg = Release|x86
		{F9D3BD7E-EAE2-425E-BF4B-CD142EDB25DF}.Release|x86.Build.0 = Release|x86
		{F9D3BD7E-EAE2-425E-BF4B-CD142EDB25DF}.ReleaseRight|Any CPU.ActiveCfg = Release|Any CPU
		{F9D3BD7E-EAE2-425E-BF4B-CD142EDB25DF}.ReleaseRight|Any CPU.Build.0 = Release|Any CPU
		{F9D3BD7E-EAE2-425E-BF4B-CD142EDB25DF}.ReleaseRight|Mixed Platforms.ActiveCfg = Release|x86
		{F9D3BD7E-EAE2-425E-BF4B-CD142EDB25DF}.ReleaseRight|Mixed Platforms.Build.0 = Release|x86
		{F9D3BD7E-EAE2-425E-BF4B-CD142EDB25DF}.ReleaseRight|Win32.ActiveCfg = Release|x86
		{F9D3BD7E-EAE2-425E-BF4B-CD142EDB25DF}.ReleaseRight|Win32.Build.0 = Release|x86
		{F9D3BD7E-EAE2-425E-BF4B-CD142EDB25DF}.ReleaseRight|x86.ActiveCfg = Release|x86
		{F9D3BD7E-EAE2-425E-BF4B-CD142EDB25DF}.ReleaseRight|x86.Build.0 = Release|x86
	EndGlobalSection
	GlobalSection(SolutionProperties) = preSolution
		HideSolutionNode = FALSE
	EndGlobalSection
EndGlobal
